
Microsoft Visual Studio Solution File, Format Version 12.00
# Visual Studio Version 17
VisualStudioVersion = 17.0.31903.59
MinimumVisualStudioVersion = 10.0.40219.1
Project("{FAE04EC0-301F-11D3-BF4B-00C04F79EFBC}") = "PhotoOrganizer.Worker", "PhotoOrganizer.Worker\PhotoOrganizer.Worker.csproj", "{0B0D2A03-4258-43DF-BE26-09E163BB833B}"
EndProject
Global
	GlobalSection(SolutionConfigurationPlatforms) = preSolution
		Debug|Any CPU = Debug|Any CPU
		Release|Any CPU = Release|Any CPU
	EndGlobalSection
	GlobalSection(ProjectConfigurationPlatforms) = postSolution
		{0B0D2A03-4258-43DF-BE26-09E163BB833B}.Debug|Any CPU.ActiveCfg = Debug|Any CPU
		{0B0D2A03-4258-43DF-BE26-09E163BB833B}.Debug|Any CPU.Build.0 = Debug|Any CPU
		{0B0D2A03-4258-43DF-BE26-09E163BB833B}.Release|Any CPU.ActiveCfg = Release|Any CPU
		{0B0D2A03-4258-43DF-BE26-09E163BB833B}.Release|Any CPU.Build.0 = Release|Any CPU
	EndGlobalSection
	GlobalSection(SolutionProperties) = preSolution
		HideSolutionNode = FALSE
	EndGlobalSection
	GlobalSection(ExtensibilityGlobals) = postSolution
		SolutionGuid = {54CF1775-9193-4903-9330-ADAB02BFE64B}
	EndGlobalSection
EndGlobal
